
Microsoft Visual Studio Solution File, Format Version 12.00
# Visual Studio 15
VisualStudioVersion = 15.0.28010.2026
MinimumVisualStudioVersion = 10.0.40219.1
Project("{FAE04EC0-301F-11D3-BF4B-00C04F79EFBC}") = "TreeHouseComics", "TreeHouseComics\TreeHouseComics.csproj", "{7B8C4B8B-91D7-435C-8E7C-0E2830BD96EA}"
EndProject
Global
	GlobalSection(SolutionConfigurationPlatforms) = preSolution
		Debug|Any CPU = Debug|Any CPU
		Release|Any CPU = Release|Any CPU
	EndGlobalSection
	GlobalSection(ProjectConfigurationPlatforms) = postSolution
		{7B8C4B8B-91D7-435C-8E7C-0E2830BD96EA}.Debug|Any CPU.ActiveCfg = Debug|Any CPU
		{7B8C4B8B-91D7-435C-8E7C-0E2830BD96EA}.Debug|Any CPU.Build.0 = Debug|Any CPU
		{7B8C4B8B-91D7-435C-8E7C-0E2830BD96EA}.Release|Any CPU.ActiveCfg = Release|Any CPU
		{7B8C4B8B-91D7-435C-8E7C-0E2830BD96EA}.Release|Any CPU.Build.0 = Release|Any CPU
	EndGlobalSection
	GlobalSection(SolutionProperties) = preSolution
		HideSolutionNode = FALSE
	EndGlobalSection
	GlobalSection(ExtensibilityGlobals) = postSolution
		SolutionGuid = {FCA6AEB2-1F26-470A-A39A-42715814C3F3}
	EndGlobalSection
EndGlobal
